Microsoft Visual Studio Solution File, Format Version 11.00
# Visual Studio 2008

Project("{3BBFB159-BCD6-317E-17BC-0125824B5A25}") = "Colony", "Assembly-CSharp-firstpass-vs.csproj", "{E2D28BA7-2728-F83F-DF63-3BAFEED2D61C}"
EndProject
Project("{3BBFB159-BCD6-317E-17BC-0125824B5A25}") = "Colony", "Assembly-CSharp-vs.csproj", "{BC687C75-CDDB-8466-D26C-A4BA3830A770}"
EndProject
Global
	GlobalSection(SolutionConfigurationPlatforms) = preSolution
		Debug|Any CPU = Debug|Any CPU
		Release|Any CPU = Release|Any CPU
	EndGlobalSection
	GlobalSection(ProjectConfigurationPlatforms) = postSolution
		{E2D28BA7-2728-F83F-DF63-3BAFEED2D61C}.Debug|Any CPU.ActiveCfg = Debug|Any CPU
		{E2D28BA7-2728-F83F-DF63-3BAFEED2D61C}.Debug|Any CPU.Build.0 = Debug|Any CPU
		{E2D28BA7-2728-F83F-DF63-3BAFEED2D61C}.Release|Any CPU.ActiveCfg = Release|Any CPU
		{E2D28BA7-2728-F83F-DF63-3BAFEED2D61C}.Release|Any CPU.Build.0 = Release|Any CPU
		{BC687C75-CDDB-8466-D26C-A4BA3830A770}.Debug|Any CPU.ActiveCfg = Debug|Any CPU
		{BC687C75-CDDB-8466-D26C-A4BA3830A770}.Debug|Any CPU.Build.0 = Debug|Any CPU
		{BC687C75-CDDB-8466-D26C-A4BA3830A770}.Release|Any CPU.ActiveCfg = Release|Any CPU
		{BC687C75-CDDB-8466-D26C-A4BA3830A770}.Release|Any CPU.Build.0 = Release|Any CPU
	EndGlobalSection
	GlobalSection(SolutionProperties) = preSolution
		HideSolutionNode = FALSE
	EndGlobalSection
																				GlobalSection(MonoDevelopProperties) = preSolution
		StartupItem = Assembly-CSharp.csproj
		Policies = $0
		$0.TextStylePolicy = $1
		$1.inheritsSet = null
		$1.scope = text/x-csharp
		$0.CSharpFormattingPolicy = $2
		$2.inheritsSet = Mono
		$2.inheritsScope = text/x-csharp
		$2.scope = text/x-csharp
		$0.TextStylePolicy = $3
		$3.FileWidth = 120
		$3.TabWidth = 4
		$3.EolMarker = Unix
		$3.inheritsSet = Mono
		$3.inheritsScope = text/plain
		$3.scope = text/plain
	EndGlobalSection

EndGlobal
